
Microsoft Visual Studio Solution File, Format Version 12.00
# Visual Studio Version 16
VisualStudioVersion = 16.0.29411.108
MinimumVisualStudioVersion = 10.0.40219.1
Project("{FAE04EC0-301F-11D3-BF4B-00C04F79EFBC}") = "VaxRecords", "VaxRecords.csproj", "{1C77DAF4-87C1-4CBF-AF37-7936AC231037}"
EndProject
Global
	GlobalSection(SolutionConfigurationPlatforms) = preSolution
		Debug|Any CPU = Debug|Any CPU
		Release|Any CPU = Release|Any CPU
	EndGlobalSection
	GlobalSection(ProjectConfigurationPlatforms) = postSolution
		{1C77DAF4-87C1-4CBF-AF37-7936AC231037}.Debug|Any CPU.ActiveCfg = Debug|Any CPU
		{1C77DAF4-87C1-4CBF-AF37-7936AC231037}.Debug|Any CPU.Build.0 = Debug|Any CPU
		{1C77DAF4-87C1-4CBF-AF37-7936AC231037}.Release|Any CPU.ActiveCfg = Release|Any CPU
		{1C77DAF4-87C1-4CBF-AF37-7936AC231037}.Release|Any CPU.Build.0 = Release|Any CPU
	EndGlobalSection
	GlobalSection(SolutionProperties) = preSolution
		HideSolutionNode = FALSE
	EndGlobalSection
	GlobalSection(ExtensibilityGlobals) = postSolution
		SolutionGuid = {2FA98392-BA1E-478F-9145-D5B29DF0FAD4}
	EndGlobalSection
EndGlobal
