
Microsoft Visual Studio Solution File, Format Version 12.00
# Visual Studio Version 16
VisualStudioVersion = 16.0.29411.108
MinimumVisualStudioVersion = 10.0.40219.1
Project("{FAE04EC0-301F-11D3-BF4B-00C04F79EFBC}") = "vaxRecords", "vaxRecords.csproj", "{05FE4298-D8C9-4765-9939-357B0052444A}"
EndProject
Global
	GlobalSection(SolutionConfigurationPlatforms) = preSolution
		Debug|Any CPU = Debug|Any CPU
		Release|Any CPU = Release|Any CPU
	EndGlobalSection
	GlobalSection(ProjectConfigurationPlatforms) = postSolution
		{05FE4298-D8C9-4765-9939-357B0052444A}.Debug|Any CPU.ActiveCfg = Debug|Any CPU
		{05FE4298-D8C9-4765-9939-357B0052444A}.Debug|Any CPU.Build.0 = Debug|Any CPU
		{05FE4298-D8C9-4765-9939-357B0052444A}.Release|Any CPU.ActiveCfg = Release|Any CPU
		{05FE4298-D8C9-4765-9939-357B0052444A}.Release|Any CPU.Build.0 = Release|Any CPU
	EndGlobalSection
	GlobalSection(SolutionProperties) = preSolution
		HideSolutionNode = FALSE
	EndGlobalSection
	GlobalSection(ExtensibilityGlobals) = postSolution
		SolutionGuid = {538B851B-3FF5-418A-B754-5A901FB80638}
	EndGlobalSection
EndGlobal
